// !$*UTF8*$!
{
	archiveVersion = 1;
	classes = {
	};
	objectVersion = 50;
	objects = {

/* Begin PBXBuildFile section */
		56F678E721DDE690002F896A /* AppDelegate.swift in Sources */ = {isa = PBXBuildFile; fileRef = 56F678E621DDE690002F896A /* AppDelegate.swift */; };
		56F678E921DDE690002F896A /* FirstViewController.swift in Sources */ = {isa = PBXBuildFile; fileRef = 56F678E821DDE690002F896A /* FirstViewController.swift */; };
		56F678EB21DDE690002F896A /* SecondViewController.swift in Sources */ = {isa = PBXBuildFile; fileRef = 56F678EA21DDE690002F896A /* SecondViewController.swift */; };
		56F678EE21DDE690002F896A /* Main.storyboard in Resources */ = {isa = PBXBuildFile; fileRef = 56F678EC21DDE690002F896A /* Main.storyboard */; };
		56F678F021DDE692002F896A /* Assets.xcassets in Resources */ = {isa = PBXBuildFile; fileRef = 56F678EF21DDE692002F896A /* Assets.xcassets */; };
		56F678F321DDE692002F896A /* LaunchScreen.storyboard in Resources */ = {isa = PBXBuildFile; fileRef = 56F678F121DDE692002F896A /* LaunchScreen.storyboard */; };
		56F678FE21DDE692002F896A /* RecreationManagerTests.swift in Sources */ = {isa = PBXBuildFile; fileRef = 56F678FD21DDE692002F896A /* RecreationManagerTests.swift */; };
		56F6790921DDE692002F896A /* RecreationManagerUITests.swift in Sources */ = {isa = PBXBuildFile; fileRef = 56F6790821DDE692002F896A /* RecreationManagerUITests.swift */; };
/* End PBXBuildFile section */

/* Begin PBXContainerItemProxy section */
		56F678FA21DDE692002F896A /* PBXContainerItemProxy */ = {
			isa = PBXContainerItemProxy;
			containerPortal = 56F678DB21DDE690002F896A /* Project object */;
			proxyType = 1;
			remoteGlobalIDString = 56F678E221DDE690002F896A;
			remoteInfo = RecreationManager;
		};
		56F6790521DDE692002F896A /* PBXContainerItemProxy */ = {
			isa = PBXContainerItemProxy;
			containerPortal = 56F678DB21DDE690002F896A /* Project object */;
			proxyType = 1;
			remoteGlobalIDString = 56F678E221DDE690002F896A;
			remoteInfo = RecreationManager;
		};
/* End PBXContainerItemProxy section */

/* Begin PBXFileReference section */
		56F678E321DDE690002F896A /* RecreationManager.app */ = {isa = PBXFileReference; explicitFileType = wrapper.application; includeInIndex = 0; path = RecreationManager.app; sourceTree = BUILT_PRODUCTS_DIR; };
		56F678E621DDE690002F896A /* AppDelegate.swift */ = {isa = PBXFileReference; lastKnownFileType = sourcecode.swift; path = AppDelegate.swift; sourceTree = "<group>"; };
		56F678E821DDE690002F896A /* FirstViewController.swift */ = {isa = PBXFileReference; lastKnownFileType = sourcecode.swift; path = FirstViewController.swift; sourceTree = "<group>"; };
		56F678EA21DDE690002F896A /* SecondViewController.swift */ = {isa = PBXFileReference; lastKnownFileType = sourcecode.swift; path = SecondViewController.swift; sourceTree = "<group>"; };
		56F678ED21DDE690002F896A /* Base */ = {isa = PBXFileReference; lastKnownFileType = file.storyboard; name = Base; path = Base.lproj/Main.storyboard; sourceTree = "<group>"; };
		56F678EF21DDE692002F896A /* Assets.xcassets */ = {isa = PBXFileReference; lastKnownFileType = folder.assetcatalog; path = Assets.xcassets; sourceTree = "<group>"; };
		56F678F221DDE692002F896A /* Base */ = {isa = PBXFileReference; lastKnownFileType = file.storyboard; name = Base; path = Base.lproj/LaunchScreen.storyboard; sourceTree = "<group>"; };
		56F678F421DDE692002F896A /* Info.plist */ = {isa = PBXFileReference; lastKnownFileType = text.plist.xml; path = Info.plist; sourceTree = "<group>"; };
		56F678F921DDE692002F896A /* RecreationManagerTests.xctest */ = {isa = PBXFileReference; explicitFileType = wrapper.cfbundle; includeInIndex = 0; path = RecreationManagerTests.xctest; sourceTree = BUILT_PRODUCTS_DIR; };
		56F678FD21DDE692002F896A /* RecreationManagerTests.swift */ = {isa = PBXFileReference; lastKnownFileType = sourcecode.swift; path = RecreationManagerTests.swift; sourceTree = "<group>"; };
		56F678FF21DDE692002F896A /* Info.plist */ = {isa = PBXFileReference; lastKnownFileType = text.plist.xml; path = Info.plist; sourceTree = "<group>"; };
		56F6790421DDE692002F896A /* RecreationManagerUITests.xctest */ = {isa = PBXFileReference; explicitFileType = wrapper.cfbundle; includeInIndex = 0; path = RecreationManagerUITests.xctest; sourceTree = BUILT_PRODUCTS_DIR; };
		56F6790821DDE692002F896A /* RecreationManagerUITests.swift */ = {isa = PBXFileReference; lastKnownFileType = sourcecode.swift; path = RecreationManagerUITests.swift; sourceTree = "<group>"; };
		56F6790A21DDE692002F896A /* Info.plist */ = {isa = PBXFileReference; lastKnownFileType = text.plist.xml; path = Info.plist; sourceTree = "<group>"; };
/* End PBXFileReference section */

/* Begin PBXFrameworksBuildPhase section */
		56F678E021DDE690002F896A /* Frameworks */ = {
			isa = PBXFrameworksBuildPhase;
			buildActionMask = 2147483647;
			files = (
			);
			runOnlyForDeploymentPostprocessing = 0;
		};
		56F678F621DDE692002F896A /* Frameworks */ = {
			isa = PBXFrameworksBuildPhase;
			buildActionMask = 2147483647;
			files = (
			);
			runOnlyForDeploymentPostprocessing = 0;
		};
		56F6790121DDE692002F896A /* Frameworks */ = {
			isa = PBXFrameworksBuildPhase;
			buildActionMask = 2147483647;
			files = (
			);
			runOnlyForDeploymentPostprocessing = 0;
		};
/* End PBXFrameworksBuildPhase section */

/* Begin PBXGroup section */
		56F678DA21DDE690002F896A = {
			isa = PBXGroup;
			children = (
				56F678E521DDE690002F896A /* RecreationManager */,
				56F678FC21DDE692002F896A /* RecreationManagerTests */,
				56F6790721DDE692002F896A /* RecreationManagerUITests */,
				56F678E421DDE690002F896A /* Products */,
			);
			sourceTree = "<group>";
		};
		56F678E421DDE690002F896A /* Products */ = {
			isa = PBXGroup;
			children = (
				56F678E321DDE690002F896A /* RecreationManager.app */,
				56F678F921DDE692002F896A /* RecreationManagerTests.xctest */,
				56F6790421DDE692002F896A /* RecreationManagerUITests.xctest */,
			);
			name = Products;
			sourceTree = "<group>";
		};
		56F678E521DDE690002F896A /* RecreationManager */ = {
			isa = PBXGroup;
			children = (
				56F678E621DDE690002F896A /* AppDelegate.swift */,
				56F678E821DDE690002F896A /* FirstViewController.swift */,
				56F678EA21DDE690002F896A /* SecondViewController.swift */,
				56F678EC21DDE690002F896A /* Main.storyboard */,
				56F678EF21DDE692002F896A /* Assets.xcassets */,
				56F678F121DDE692002F896A /* LaunchScreen.storyboard */,
				56F678F421DDE692002F896A /* Info.plist */,
			);
			path = RecreationManager;
			sourceTree = "<group>";
		};
		56F678FC21DDE692002F896A /* RecreationManagerTests */ = {
			isa = PBXGroup;
			children = (
				56F678FD21DDE692002F896A /* RecreationManagerTests.swift */,
				56F678FF21DDE692002F896A /* Info.plist */,
			);
			path = RecreationManagerTests;
			sourceTree = "<group>";
		};
		56F6790721DDE692002F896A /* RecreationManagerUITests */ = {
			isa = PBXGroup;
			children = (
				56F6790821DDE692002F896A /* RecreationManagerUITests.swift */,
				56F6790A21DDE692002F896A /* Info.plist */,
			);
			path = RecreationManagerUITests;
			sourceTree = "<group>";
		};
/* End PBXGroup section */

/* Begin PBXNativeTarget section */
		56F678E221DDE690002F896A /* RecreationManager */ = {
			isa = PBXNativeTarget;
			buildConfigurationList = 56F6790D21DDE692002F896A /* Build configuration list for PBXNativeTarget "RecreationManager" */;
			buildPhases = (
				56F678DF21DDE690002F896A /* Sources */,
				56F678E021DDE690002F896A /* Frameworks */,
				56F678E121DDE690002F896A /* Resources */,
			);
			buildRules = (
			);
			dependencies = (
			);
			name = RecreationManager;
			productName = RecreationManager;
			productReference = 56F678E321DDE690002F896A /* RecreationManager.app */;
			productType = "com.apple.product-type.application";
		};
		56F678F821DDE692002F896A /* RecreationManagerTests */ = {
			isa = PBXNativeTarget;
			buildConfigurationList = 56F6791021DDE692002F896A /* Build configuration list for PBXNativeTarget "RecreationManagerTests" */;
			buildPhases = (
				56F678F521DDE692002F896A /* Sources */,
				56F678F621DDE692002F896A /* Frameworks */,
				56F678F721DDE692002F896A /* Resources */,
			);
			buildRules = (
			);
			dependencies = (
				56F678FB21DDE692002F896A /* PBXTargetDependency */,
			);
			name = RecreationManagerTests;
			productName = RecreationManagerTests;
			productReference = 56F678F921DDE692002F896A /* RecreationManagerTests.xctest */;
			productType = "com.apple.product-type.bundle.unit-test";
		};
		56F6790321DDE692002F896A /* RecreationManagerUITests */ = {
			isa = PBXNativeTarget;
			buildConfigurationList = 56F6791321DDE692002F896A /* Build configuration list for PBXNativeTarget "RecreationManagerUITests" */;
			buildPhases = (
				56F6790021DDE692002F896A /* Sources */,
				56F6790121DDE692002F896A /* Frameworks */,
				56F6790221DDE692002F896A /* Resources */,
			);
			buildRules = (
			);
			dependencies = (
				56F6790621DDE692002F896A /* PBXTargetDependency */,
			);
			name = RecreationManagerUITests;
			productName = RecreationManagerUITests;
			productReference = 56F6790421DDE692002F896A /* RecreationManagerUITests.xctest */;
			productType = "com.apple.product-type.bundle.ui-testing";
		};
/* End PBXNativeTarget section */

/* Begin PBXProject section */
		56F678DB21DDE690002F896A /* Project object */ = {
			isa = PBXProject;
			attributes = {
				LastSwiftUpdateCheck = 1010;
				LastUpgradeCheck = 1010;
				ORGANIZATIONNAME = FuLi;
				TargetAttributes = {
					56F678E221DDE690002F896A = {
						CreatedOnToolsVersion = 10.1;
					};
					56F678F821DDE692002F896A = {
						CreatedOnToolsVersion = 10.1;
						TestTargetID = 56F678E221DDE690002F896A;
					};
					56F6790321DDE692002F896A = {
						CreatedOnToolsVersion = 10.1;
						TestTargetID = 56F678E221DDE690002F896A;
					};
				};
			};
			buildConfigurationList = 56F678DE21DDE690002F896A /* Build configuration list for PBXProject "RecreationManager" */;
			compatibilityVersion = "Xcode 9.3";
			developmentRegion = en;
			hasScannedForEncodings = 0;
			knownRegions = (
				en,
				Base,
			);
			mainGroup = 56F678DA21DDE690002F896A;
			productRefGroup = 56F678E421DDE690002F896A /* Products */;
			projectDirPath = "";
			projectRoot = "";
			targets = (
				56F678E221DDE690002F896A /* RecreationManager */,
				56F678F821DDE692002F896A /* RecreationManagerTests */,
				56F6790321DDE692002F896A /* RecreationManagerUITests */,
			);
		};
/* End PBXProject section */

/* Begin PBXResourcesBuildPhase section */
		56F678E121DDE690002F896A /* Resources */ = {
			isa = PBXResourcesBuildPhase;
			buildActionMask = 2147483647;
			files = (
				56F678F321DDE692002F896A /* LaunchScreen.storyboard in Resources */,
				56F678F021DDE692002F896A /* Assets.xcassets in Resources */,
				56F678EE21DDE690002F896A /* Main.storyboard in Resources */,
			);
			runOnlyForDeploymentPostprocessing = 0;
		};
		56F678F721DDE692002F896A /* Resources */ = {
			isa = PBXResourcesBuildPhase;
			buildActionMask = 2147483647;
			files = (
			);
			runOnlyForDeploymentPostprocessing = 0;
		};
		56F6790221DDE692002F896A /* Resources */ = {
			isa = PBXResourcesBuildPhase;
			buildActionMask = 2147483647;
			files = (
			);
			runOnlyForDeploymentPostprocessing = 0;
		};
/* End PBXResourcesBuildPhase section */

/* Begin PBXSourcesBuildPhase section */
		56F678DF21DDE690002F896A /* Sources */ = {
			isa = PBXSourcesBuildPhase;
			buildActionMask = 2147483647;
			files = (
				56F678EB21DDE690002F896A /* SecondViewController.swift in Sources */,
				56F678E721DDE690002F896A /* AppDelegate.swift in Sources */,
				56F678E921DDE690002F896A /* FirstViewController.swift in Sources */,
			);
			runOnlyForDeploymentPostprocessing = 0;
		};
		56F678F521DDE692002F896A /* Sources */ = {
			isa = PBXSourcesBuildPhase;
			buildActionMask = 2147483647;
			files = (
				56F678FE21DDE692002F896A /* RecreationManagerTests.swift in Sources */,
			);
			runOnlyForDeploymentPostprocessing = 0;
		};
		56F6790021DDE692002F896A /* Sources */ = {
			isa = PBXSourcesBuildPhase;
			buildActionMask = 2147483647;
			files = (
				56F6790921DDE692002F896A /* RecreationManagerUITests.swift in Sources */,
			);
			runOnlyForDeploymentPostprocessing = 0;
		};
/* End PBXSourcesBuildPhase section */

/* Begin PBXTargetDependency section */
		56F678FB21DDE692002F896A /* PBXTargetDependency */ = {
			isa = PBXTargetDependency;
			target = 56F678E221DDE690002F896A /* RecreationManager */;
			targetProxy = 56F678FA21DDE692002F896A /* PBXContainerItemProxy */;
		};
		56F6790621DDE692002F896A /* PBXTargetDependency */ = {
			isa = PBXTargetDependency;
			target = 56F678E221DDE690002F896A /* RecreationManager */;
			targetProxy = 56F6790521DDE692002F896A /* PBXContainerItemProxy */;
		};
/* End PBXTargetDependency section */

/* Begin PBXVariantGroup section */
		56F678EC21DDE690002F896A /* Main.storyboard */ = {
			isa = PBXVariantGroup;
			children = (
				56F678ED21DDE690002F896A /* Base */,
			);
			name = Main.storyboard;
			sourceTree = "<group>";
		};
		56F678F121DDE692002F896A /* LaunchScreen.storyboard */ = {
			isa = PBXVariantGroup;
			children = (
				56F678F221DDE692002F896A /* Base */,
			);
			name = LaunchScreen.storyboard;
			sourceTree = "<group>";
		};
/* End PBXVariantGroup section */

/* Begin XCBuildConfiguration section */
		56F6790B21DDE692002F896A /* Debug */ = {
			isa = XCBuildConfiguration;
			buildSettings = {
				ALWAYS_SEARCH_USER_PATHS = NO;
				CLANG_ANALYZER_NONNULL = YES;
				CLANG_ANALYZER_NUMBER_OBJECT_CONVERSION = YES_AGGRESSIVE;
				CLANG_CXX_LANGUAGE_STANDARD = "gnu++14";
				CLANG_CXX_LIBRARY = "libc++";
				CLANG_ENABLE_MODULES = YES;
				CLANG_ENABLE_OBJC_ARC = YES;
				CLANG_ENABLE_OBJC_WEAK = YES;
				CLANG_WARN_BLOCK_CAPTURE_AUTORELEASING = YES;
				CLANG_WARN_BOOL_CONVERSION = YES;
				CLANG_WARN_COMMA = YES;
				CLANG_WARN_CONSTANT_CONVERSION = YES;
				CLANG_WARN_DEPRECATED_OBJC_IMPLEMENTATIONS = YES;
				CLANG_WARN_DIRECT_OBJC_ISA_USAGE = YES_ERROR;
				CLANG_WARN_DOCUMENTATION_COMMENTS = YES;
				CLANG_WARN_EMPTY_BODY = YES;
				CLANG_WARN_ENUM_CONVERSION = YES;
				CLANG_WARN_INFINITE_RECURSION = YES;
				CLANG_WARN_INT_CONVERSION = YES;
				CLANG_WARN_NON_LITERAL_NULL_CONVERSION = YES;
				CLANG_WARN_OBJC_IMPLICIT_RETAIN_SELF = YES;
				CLANG_WARN_OBJC_LITERAL_CONVERSION = YES;
				CLANG_WARN_OBJC_ROOT_CLASS = YES_ERROR;
				CLANG_WARN_RANGE_LOOP_ANALYSIS = YES;
				CLANG_WARN_STRICT_PROTOTYPES = YES;
				CLANG_WARN_SUSPICIOUS_MOVE = YES;
				CLANG_WARN_UNGUARDED_AVAILABILITY = YES_AGGRESSIVE;
				CLANG_WARN_UNREACHABLE_CODE = YES;
				CLANG_WARN__DUPLICATE_METHOD_MATCH = YES;
				CODE_SIGN_IDENTITY = "iPhone Developer";
				COPY_PHASE_STRIP = NO;
				DEBUG_INFORMATION_FORMAT = dwarf;
				ENABLE_STRICT_OBJC_MSGSEND = YES;
				ENABLE_TESTABILITY = YES;
				GCC_C_LANGUAGE_STANDARD = gnu11;
				GCC_DYNAMIC_NO_PIC = NO;
				GCC_NO_COMMON_BLOCKS = YES;
				GCC_OPTIMIZATION_LEVEL = 0;
				GCC_PREPROCESSOR_DEFINITIONS = (
					"DEBUG=1",
					"$(inherited)",
				);
				GCC_WARN_64_TO_32_BIT_CONVERSION = YES;
				GCC_WARN_ABOUT_RETURN_TYPE = YES_ERROR;
				GCC_WARN_UNDECLARED_SELECTOR = YES;
				GCC_WARN_UNINITIALIZED_AUTOS = YES_AGGRESSIVE;
				GCC_WARN_UNUSED_FUNCTION = YES;
				GCC_WARN_UNUSED_VARIABLE = YES;
				IPHONEOS_DEPLOYMENT_TARGET = 12.1;
				MTL_ENABLE_DEBUG_INFO = INCLUDE_SOURCE;
				MTL_FAST_MATH = YES;
				ONLY_ACTIVE_ARCH = YES;
				SDKROOT = iphoneos;
				SWIFT_ACTIVE_COMPILATION_CONDITIONS = DEBUG;
				SWIFT_OPTIMIZATION_LEVEL = "-Onone";
			};
			name = Debug;
		};
		56F6790C21DDE692002F896A /* Release */ = {
			isa = XCBuildConfiguration;
			buildSettings = {
				ALWAYS_SEARCH_USER_PATHS = NO;
				CLANG_ANALYZER_NONNULL = YES;
				CLANG_ANALYZER_NUMBER_OBJECT_CONVERSION = YES_AGGRESSIVE;
				CLANG_CXX_LANGUAGE_STANDARD = "gnu++14";
				CLANG_CXX_LIBRARY = "libc++";
				CLANG_ENABLE_MODULES = YES;
				CLANG_ENABLE_OBJC_ARC = YES;
				CLANG_ENABLE_OBJC_WEAK = YES;
				CLANG_WARN_BLOCK_CAPTURE_AUTORELEASING = YES;
				CLANG_WARN_BOOL_CONVERSION = YES;
				CLANG_WARN_COMMA = YES;
				CLANG_WARN_CONSTANT_CONVERSION = YES;
				CLANG_WARN_DEPRECATED_OBJC_IMPLEMENTATIONS = YES;
				CLANG_WARN_DIRECT_OBJC_ISA_USAGE = YES_ERROR;
				CLANG_WARN_DOCUMENTATION_COMMENTS = YES;
				CLANG_WARN_EMPTY_BODY = YES;
				CLANG_WARN_ENUM_CONVERSION = YES;
				CLANG_WARN_INFINITE_RECURSION = YES;
				CLANG_WARN_INT_CONVERSION = YES;
				CLANG_WARN_NON_LITERAL_NULL_CONVERSION = YES;
				CLANG_WARN_OBJC_IMPLICIT_RETAIN_SELF = YES;
				CLANG_WARN_OBJC_LITERAL_CONVERSION = YES;
				CLANG_WARN_OBJC_ROOT_CLASS = YES_ERROR;
				CLANG_WARN_RANGE_LOOP_ANALYSIS = YES;
				CLANG_WARN_STRICT_PROTOTYPES = YES;
				CLANG_WARN_SUSPICIOUS_MOVE = YES;
				CLANG_WARN_UNGUARDED_AVAILABILITY = YES_AGGRESSIVE;
				CLANG_WARN_UNREACHABLE_CODE = YES;
				CLANG_WARN__DUPLICATE_METHOD_MATCH = YES;
				CODE_SIGN_IDENTITY = "iPhone Developer";
				COPY_PHASE_STRIP = NO;
				DEBUG_INFORMATION_FORMAT = "dwarf-with-dsym";
				ENABLE_NS_ASSERTIONS = NO;
				ENABLE_STRICT_OBJC_MSGSEND = YES;
				GCC_C_LANGUAGE_STANDARD = gnu11;
				GCC_NO_COMMON_BLOCKS = YES;
				GCC_WARN_64_TO_32_BIT_CONVERSION = YES;
				GCC_WARN_ABOUT_RETURN_TYPE = YES_ERROR;
				GCC_WARN_UNDECLARED_SELECTOR = YES;
				GCC_WARN_UNINITIALIZED_AUTOS = YES_AGGRESSIVE;
				GCC_WARN_UNUSED_FUNCTION = YES;
				GCC_WARN_UNUSED_VARIABLE = YES;
				IPHONEOS_DEPLOYMENT_TARGET = 12.1;
				MTL_ENABLE_DEBUG_INFO = NO;
				MTL_FAST_MATH = YES;
				SDKROOT = iphoneos;
				SWIFT_COMPILATION_MODE = wholemodule;
				SWIFT_OPTIMIZATION_LEVEL = "-O";
				VALIDATE_PRODUCT = YES;
			};
			name = Release;
		};
		56F6790E21DDE692002F896A /* Debug */ = {
			isa = XCBuildConfiguration;
			buildSettings = {
				ASSETCATALOG_COMPILER_APPICON_NAME = AppIcon;
				CODE_SIGN_STYLE = Automatic;
				DEVELOPMENT_TEAM = GRR7L3Y797;
				INFOPLIST_FILE = RecreationManager/Info.plist;
				LD_RUNPATH_SEARCH_PATHS = (
					"$(inherited)",
					"@executable_path/Frameworks",
				);
				PRODUCT_BUNDLE_IDENTIFIER = com.FuLi.Mobile.RecreationManager;
				PRODUCT_NAME = "$(TARGET_NAME)";
				SWIFT_VERSION = 4.2;
				TARGETED_DEVICE_FAMILY = "1,2";
			};
			name = Debug;
		};
		56F6790F21DDE692002F896A /* Release */ = {
			isa = XCBuildConfiguration;
			buildSettings = {
				ASSETCATALOG_COMPILER_APPICON_NAME = AppIcon;
				CODE_SIGN_STYLE = Automatic;
				DEVELOPMENT_TEAM = GRR7L3Y797;
				INFOPLIST_FILE = RecreationManager/Info.plist;
				LD_RUNPATH_SEARCH_PATHS = (
					"$(inherited)",
					"@executable_path/Frameworks",
				);
				PRODUCT_BUNDLE_IDENTIFIER = com.FuLi.Mobile.RecreationManager;
				PRODUCT_NAME = "$(TARGET_NAME)";
				SWIFT_VERSION = 4.2;
				TARGETED_DEVICE_FAMILY = "1,2";
			};
			name = Release;
		};
		56F6791121DDE692002F896A /* Debug */ = {
			isa = XCBuildConfiguration;
			buildSettings = {
				ALWAYS_EMBED_SWIFT_STANDARD_LIBRARIES = YES;
				BUNDLE_LOADER = "$(TEST_HOST)";
				CODE_SIGN_STYLE = Automatic;
				DEVELOPMENT_TEAM = GRR7L3Y797;
				INFOPLIST_FILE = RecreationManagerTests/Info.plist;
				LD_RUNPATH_SEARCH_PATHS = (
					"$(inherited)",
					"@executable_path/Frameworks",
					"@loader_path/Frameworks",
				);
				PRODUCT_BUNDLE_IDENTIFIER = com.FuLi.Mobile.RecreationManagerTests;
				PRODUCT_NAME = "$(TARGET_NAME)";
				SWIFT_VERSION = 4.2;
				TARGETED_DEVICE_FAMILY = "1,2";
				TEST_HOST = "$(BUILT_PRODUCTS_DIR)/RecreationManager.app/RecreationManager";
			};
			name = Debug;
		};
		56F6791221DDE692002F896A /* Release */ = {
			isa = XCBuildConfiguration;
			buildSettings = {
				ALWAYS_EMBED_SWIFT_STANDARD_LIBRARIES = YES;
				BUNDLE_LOADER = "$(TEST_HOST)";
				CODE_SIGN_STYLE = Automatic;
				DEVELOPMENT_TEAM = GRR7L3Y797;
				INFOPLIST_FILE = RecreationManagerTests/Info.plist;
				LD_RUNPATH_SEARCH_PATHS = (
					"$(inherited)",
					"@executable_path/Frameworks",
					"@loader_path/Frameworks",
				);
				PRODUCT_BUNDLE_IDENTIFIER = com.FuLi.Mobile.RecreationManagerTests;
				PRODUCT_NAME = "$(TARGET_NAME)";
				SWIFT_VERSION = 4.2;
				TARGETED_DEVICE_FAMILY = "1,2";
				TEST_HOST = "$(BUILT_PRODUCTS_DIR)/RecreationManager.app/RecreationManager";
			};
			name = Release;
		};
		56F6791421DDE692002F896A /* Debug */ = {
			isa = XCBuildConfiguration;
			buildSettings = {
				ALWAYS_EMBED_SWIFT_STANDARD_LIBRARIES = YES;
				CODE_SIGN_STYLE = Automatic;
				DEVELOPMENT_TEAM = GRR7L3Y797;
				INFOPLIST_FILE = RecreationManagerUITests/Info.plist;
				LD_RUNPATH_SEARCH_PATHS = (
					"$(inherited)",
					"@executable_path/Frameworks",
					"@loader_path/Frameworks",
				);
				PRODUCT_BUNDLE_IDENTIFIER = com.FuLi.Mobile.RecreationManagerUITests;
				PRODUCT_NAME = "$(TARGET_NAME)";
				SWIFT_VERSION = 4.2;
				TARGETED_DEVICE_FAMILY = "1,2";
				TEST_TARGET_NAME = RecreationManager;
			};
			name = Debug;
		};
		56F6791521DDE692002F896A /* Release */ = {
			isa = XCBuildConfiguration;
			buildSettings = {
				ALWAYS_EMBED_SWIFT_STANDARD_LIBRARIES = YES;
				CODE_SIGN_STYLE = Automatic;
				DEVELOPMENT_TEAM = GRR7L3Y797;
				INFOPLIST_FILE = RecreationManagerUITests/Info.plist;
				LD_RUNPATH_SEARCH_PATHS = (
					"$(inherited)",
					"@executable_path/Frameworks",
					"@loader_path/Frameworks",
				);
				PRODUCT_BUNDLE_IDENTIFIER = com.FuLi.Mobile.RecreationManagerUITests;
				PRODUCT_NAME = "$(TARGET_NAME)";
				SWIFT_VERSION = 4.2;
				TARGETED_DEVICE_FAMILY = "1,2";
				TEST_TARGET_NAME = RecreationManager;
			};
			name = Release;
		};
/* End XCBuildConfiguration section */

/* Begin XCConfigurationList section */
		56F678DE21DDE690002F896A /* Build configuration list for PBXProject "RecreationManager" */ = {
			isa = XCConfigurationList;
			buildConfigurations = (
				56F6790B21DDE692002F896A /* Debug */,
				56F6790C21DDE692002F896A /* Release */,
			);
			defaultConfigurationIsVisible = 0;
			defaultConfigurationName = Release;
		};
		56F6790D21DDE692002F896A /* Build configuration list for PBXNativeTarget "RecreationManager" */ = {
			isa = XCConfigurationList;
			buildConfigurations = (
				56F6790E21DDE692002F896A /* Debug */,
				56F6790F21DDE692002F896A /* Release */,
			);
			defaultConfigurationIsVisible = 0;
			defaultConfigurationName = Release;
		};
		56F6791021DDE692002F896A /* Build configuration list for PBXNativeTarget "RecreationManagerTests" */ = {
			isa = XCConfigurationList;
			buildConfigurations = (
				56F6791121DDE692002F896A /* Debug */,
				56F6791221DDE692002F896A /* Release */,
			);
			defaultConfigurationIsVisible = 0;
			defaultConfigurationName = Release;
		};
		56F6791321DDE692002F896A /* Build configuration list for PBXNativeTarget "RecreationManagerUITests" */ = {
			isa = XCConfigurationList;
			buildConfigurations = (
				56F6791421DDE692002F896A /* Debug */,
				56F6791521DDE692002F896A /* Release */,
			);
			defaultConfigurationIsVisible = 0;
			defaultConfigurationName = Release;
		};
/* End XCConfigurationList section */
	};
	rootObject = 56F678DB21DDE690002F896A /* Project object */;
}
